
Microsoft Visual Studio Solution File, Format Version 12.00
# Visual Studio Version 17
VisualStudioVersion = 17.4.33213.308
MinimumVisualStudioVersion = 10.0.40219.1
Project("{FAE04EC0-301F-11D3-BF4B-00C04F79EFBC}") = "Battleship_sockets", "Battleship_sockets\Battleship_sockets.csproj", "{9F3917E2-9238-4044-A93E-81D460BA7463}"
EndProject
Global
	GlobalSection(SolutionConfigurationPlatforms) = preSolution
		Debug|Any CPU = Debug|Any CPU
		Release|Any CPU = Release|Any CPU
	EndGlobalSection
	GlobalSection(ProjectConfigurationPlatforms) = postSolution
		{9F3917E2-9238-4044-A93E-81D460BA7463}.Debug|Any CPU.ActiveCfg = Debug|Any CPU
		{9F3917E2-9238-4044-A93E-81D460BA7463}.Debug|Any CPU.Build.0 = Debug|Any CPU
		{9F3917E2-9238-4044-A93E-81D460BA7463}.Release|Any CPU.ActiveCfg = Release|Any CPU
		{9F3917E2-9238-4044-A93E-81D460BA7463}.Release|Any CPU.Build.0 = Release|Any CPU
	EndGlobalSection
	GlobalSection(SolutionProperties) = preSolution
		HideSolutionNode = FALSE
	EndGlobalSection
	GlobalSection(ExtensibilityGlobals) = postSolution
		SolutionGuid = {646C2BB9-1BD0-47BC-A4D8-1205B1D7FC18}
	EndGlobalSection
EndGlobal
